
Microsoft Visual Studio Solution File, Format Version 12.00
# Visual Studio Version 16
VisualStudioVersion = 16.0.31624.102
MinimumVisualStudioVersion = 10.0.40219.1
Project("{FAE04EC0-301F-11D3-BF4B-00C04F79EFBC}") = "ListasSimplementeEnlazadas", "ListasSimplementeEnlazadas\ListasSimplementeEnlazadas.csproj", "{5DB76119-9598-447A-BD09-09583A267498}"
EndProject
Global
	GlobalSection(SolutionConfigurationPlatforms) = preSolution
		Debug|Any CPU = Debug|Any CPU
		Release|Any CPU = Release|Any CPU
	EndGlobalSection
	GlobalSection(ProjectConfigurationPlatforms) = postSolution
		{5DB76119-9598-447A-BD09-09583A267498}.Debug|Any CPU.ActiveCfg = Debug|Any CPU
		{5DB76119-9598-447A-BD09-09583A267498}.Debug|Any CPU.Build.0 = Debug|Any CPU
		{5DB76119-9598-447A-BD09-09583A267498}.Release|Any CPU.ActiveCfg = Release|Any CPU
		{5DB76119-9598-447A-BD09-09583A267498}.Release|Any CPU.Build.0 = Release|Any CPU
	EndGlobalSection
	GlobalSection(SolutionProperties) = preSolution
		HideSolutionNode = FALSE
	EndGlobalSection
	GlobalSection(ExtensibilityGlobals) = postSolution
		SolutionGuid = {727E8989-D547-496A-B458-1CD3EAD160FA}
	EndGlobalSection
EndGlobal
